
Microsoft Visual Studio Solution File, Format Version 12.00
# Visual Studio 14
VisualStudioVersion = 14.0.23107.0
MinimumVisualStudioVersion = 10.0.40219.1
Project("{FAE04EC0-301F-11D3-BF4B-00C04F79EFBC}") = "PharmacyManagementSystem", "PharmacyManagementSystem\PharmacyManagementSystem.csproj", "{939DAF0D-3E90-45DB-84D6-1CC2087133CB}"
EndProject
Global
	GlobalSection(SolutionConfigurationPlatforms) = preSolution
		Debug|Any CPU = Debug|Any CPU
		Release|Any CPU = Release|Any CPU
	EndGlobalSection
	GlobalSection(ProjectConfigurationPlatforms) = postSolution
		{939DAF0D-3E90-45DB-84D6-1CC2087133CB}.Debug|Any CPU.ActiveCfg = Debug|Any CPU
		{939DAF0D-3E90-45DB-84D6-1CC2087133CB}.Debug|Any CPU.Build.0 = Debug|Any CPU
		{939DAF0D-3E90-45DB-84D6-1CC2087133CB}.Release|Any CPU.ActiveCfg = Release|Any CPU
		{939DAF0D-3E90-45DB-84D6-1CC2087133CB}.Release|Any CPU.Build.0 = Release|Any CPU
	EndGlobalSection
	GlobalSection(SolutionProperties) = preSolution
		HideSolutionNode = FALSE
	EndGlobalSection
EndGlobal
